// !$*UTF8*$!
{
	archiveVersion = 1;
	classes = {
	};
	objectVersion = 52;
	objects = {

/* Begin PBXBuildFile section */
		30F95E44292FBA0500D6CEB7 /* TextFieldsView.swift in Sources */ = {isa = PBXBuildFile; fileRef = 30F95E43292FBA0500D6CEB7 /* TextFieldsView.swift */; };
		3D54BF912A44392900D77578 /* NonRegressionTests.swift in Sources */ = {isa = PBXBuildFile; fileRef = 3D54BF902A44392900D77578 /* NonRegressionTests.swift */; };
		3D5771182A4B2AF2006F0689 /* ReadSize.swift in Sources */ = {isa = PBXBuildFile; fileRef = 3D5771172A4B2AF2006F0689 /* ReadSize.swift */; };
		3D9863192A01689A0071CC8C /* PreviewSnapshots in Frameworks */ = {isa = PBXBuildFile; productRef = 3D9863182A01689A0071CC8C /* PreviewSnapshots */; };
		3D98631B2A01689A0071CC8C /* PreviewSnapshotsTesting in Frameworks */ = {isa = PBXBuildFile; productRef = 3D98631A2A01689A0071CC8C /* PreviewSnapshotsTesting */; };
		3D98631D2A0168DE0071CC8C /* ShowcaseSnapshotUIKitTests.swift in Sources */ = {isa = PBXBuildFile; fileRef = 3D98631C2A0168DE0071CC8C /* ShowcaseSnapshotUIKitTests.swift */; };
		3D98631F2A0168FA0071CC8C /* ShowcaseSnapshotSwiftUITests.swift in Sources */ = {isa = PBXBuildFile; fileRef = 3D98631E2A0168FA0071CC8C /* ShowcaseSnapshotSwiftUITests.swift */; };
		4A01623729BB8A1800FC964E /* UIImage+Resize.swift in Sources */ = {isa = PBXBuildFile; fileRef = 4A01623629BB8A1800FC964E /* UIImage+Resize.swift */; };
		4A01623929BB8AD200FC964E /* IconsModel+Sections.swift in Sources */ = {isa = PBXBuildFile; fileRef = 4A01623829BB8AD200FC964E /* IconsModel+Sections.swift */; };
		4A038B54293A7CCD00ADFDE6 /* VitaminTextFieldView.swift in Sources */ = {isa = PBXBuildFile; fileRef = 4A038B53293A7CCD00ADFDE6 /* VitaminTextFieldView.swift */; };
		4A07433927D94BB0005BD446 /* MainView.swift in Sources */ = {isa = PBXBuildFile; fileRef = 4A07433827D94BB0005BD446 /* MainView.swift */; };
		4A07433E27D9541F005BD446 /* NavigationTitleModifier.swift in Sources */ = {isa = PBXBuildFile; fileRef = 4A07433D27D9541F005BD446 /* NavigationTitleModifier.swift */; };
		4A35E4602811EE2E001526D8 /* Vitamin in Frameworks */ = {isa = PBXBuildFile; productRef = 4A35E45F2811EE2E001526D8 /* Vitamin */; };
		4A35E4642811EE2E001526D8 /* VitaminSwiftUI in Frameworks */ = {isa = PBXBuildFile; productRef = 4A35E4632811EE2E001526D8 /* VitaminSwiftUI */; };
		4A35E4752812B34E001526D8 /* ColorsModel.swift in Sources */ = {isa = PBXBuildFile; fileRef = 4A35E4742812B34E001526D8 /* ColorsModel.swift */; };
		4A35E4772812B357001526D8 /* ColorsView.swift in Sources */ = {isa = PBXBuildFile; fileRef = 4A35E4762812B357001526D8 /* ColorsView.swift */; };
		4A35E47C2812FE77001526D8 /* ColorsModel+Semantic.swift in Sources */ = {isa = PBXBuildFile; fileRef = 4A35E47B2812FE77001526D8 /* ColorsModel+Semantic.swift */; };
		4A35E47E2812FEDE001526D8 /* ColorsModel+Base.swift in Sources */ = {isa = PBXBuildFile; fileRef = 4A35E47D2812FEDE001526D8 /* ColorsModel+Base.swift */; };
		4A35E48128130495001526D8 /* RadiusesModel.swift in Sources */ = {isa = PBXBuildFile; fileRef = 4A35E48028130495001526D8 /* RadiusesModel.swift */; };
		4A35E483281304A1001526D8 /* RadiusesView.swift in Sources */ = {isa = PBXBuildFile; fileRef = 4A35E482281304A1001526D8 /* RadiusesView.swift */; };
		4A35E4872816C1F4001526D8 /* ShadowsView.swift in Sources */ = {isa = PBXBuildFile; fileRef = 4A35E4862816C1F4001526D8 /* ShadowsView.swift */; };
		4A35E4892816C20A001526D8 /* ShadowsModel.swift in Sources */ = {isa = PBXBuildFile; fileRef = 4A35E4882816C20A001526D8 /* ShadowsModel.swift */; };
		4A35E48E2816D124001526D8 /* TypographyModel.swift in Sources */ = {isa = PBXBuildFile; fileRef = 4A35E48D2816D124001526D8 /* TypographyModel.swift */; };
		4A35E4902816D1B5001526D8 /* TypographyView.swift in Sources */ = {isa = PBXBuildFile; fileRef = 4A35E48F2816D1B5001526D8 /* TypographyView.swift */; };
		4A4643902806C91700942AD7 /* AssetsModel.swift in Sources */ = {isa = PBXBuildFile; fileRef = 4A46438F2806C91700942AD7 /* AssetsModel.swift */; };
		4A4643932806D60B00942AD7 /* IconsView.swift in Sources */ = {isa = PBXBuildFile; fileRef = 4A4643922806D60B00942AD7 /* IconsView.swift */; };
		4A4C0B1D292EB187002653E1 /* TextFieldModel.swift in Sources */ = {isa = PBXBuildFile; fileRef = 4A4C0B1C292EB187002653E1 /* TextFieldModel.swift */; };
		4A67EDBD28F729F20049555F /* BadgesView.swift in Sources */ = {isa = PBXBuildFile; fileRef = 4A67EDBC28F729F20049555F /* BadgesView.swift */; };
		4A67EDC028F72AD30049555F /* BadgeModel.swift in Sources */ = {isa = PBXBuildFile; fileRef = 4A67EDBF28F72AD30049555F /* BadgeModel.swift */; };
		4A90D1532938EC7D00E15A44 /* DynamicFrameModifier.swift in Sources */ = {isa = PBXBuildFile; fileRef = 4A90D1512938EC7D00E15A44 /* DynamicFrameModifier.swift */; };
		4A90D1542938EC7D00E15A44 /* AdaptiveStack.swift in Sources */ = {isa = PBXBuildFile; fileRef = 4A90D1522938EC7D00E15A44 /* AdaptiveStack.swift */; };
		4A91BAAE2864CC5C0032B31E /* IconsModel.swift in Sources */ = {isa = PBXBuildFile; fileRef = 4A91BAAD2864CC5C0032B31E /* IconsModel.swift */; };
		4A9BE58C29352B5600445337 /* OnChangeModifier.swift in Sources */ = {isa = PBXBuildFile; fileRef = 4A9BE58B29352B5600445337 /* OnChangeModifier.swift */; };
		4AAD2B67276772D200727D8E /* MainTableViewController.swift in Sources */ = {isa = PBXBuildFile; fileRef = 4AAD2B66276772D200727D8E /* MainTableViewController.swift */; };
		4AB763AE2825725300092033 /* VitaminCore in Frameworks */ = {isa = PBXBuildFile; productRef = 4AB763AD2825725300092033 /* VitaminCore */; };
		4ACCCBCE2805E28600FD184B /* MainTabController.swift in Sources */ = {isa = PBXBuildFile; fileRef = 4A07433A27D94C90005BD446 /* MainTabController.swift */; };
		4ACCCBD52805E71400FD184B /* AssetsView.swift in Sources */ = {isa = PBXBuildFile; fileRef = 4ACCCBD42805E71400FD184B /* AssetsView.swift */; };
		4ACCCBD72805E7AE00FD184B /* ViewExtension.swift in Sources */ = {isa = PBXBuildFile; fileRef = 4ACCCBD62805E7AE00FD184B /* ViewExtension.swift */; };
		4ACCCBD92805FF7100FD184B /* ArrayExtension.swift in Sources */ = {isa = PBXBuildFile; fileRef = 4ACCCBD82805FF7100FD184B /* ArrayExtension.swift */; };
		6500D77229999B9300A1F154 /* SampleLabelViewController.swift in Sources */ = {isa = PBXBuildFile; fileRef = 6500D77129999B9300A1F154 /* SampleLabelViewController.swift */; };
		651EF24D272BE8D500121F7A /* TextFieldTableViewCell.swift in Sources */ = {isa = PBXBuildFile; fileRef = 651EF24C272BE8D500121F7A /* TextFieldTableViewCell.swift */; };
		651EF252272C0AD500121F7A /* TextFieldTableViewCell.xib in Resources */ = {isa = PBXBuildFile; fileRef = 651EF251272C0AD500121F7A /* TextFieldTableViewCell.xib */; };
		6521D85F27DA100A00A15A06 /* TagCollectionViewCell.xib in Resources */ = {isa = PBXBuildFile; fileRef = 6521D85E27DA100A00A15A06 /* TagCollectionViewCell.xib */; };
		6521D86127DA4B3400A15A06 /* TagCollectionViewCell.swift in Sources */ = {isa = PBXBuildFile; fileRef = 6521D86027DA4B3400A15A06 /* TagCollectionViewCell.swift */; };
		6531B78227A9A23600808E1E /* RadiusTableViewCell.swift in Sources */ = {isa = PBXBuildFile; fileRef = 6531B77F27A9A23600808E1E /* RadiusTableViewCell.swift */; };
		6531B78327A9A23600808E1E /* RadiusTableViewCell.xib in Resources */ = {isa = PBXBuildFile; fileRef = 6531B78027A9A23600808E1E /* RadiusTableViewCell.xib */; };
		6531B78427A9A23600808E1E /* RadiusViewController.swift in Sources */ = {isa = PBXBuildFile; fileRef = 6531B78127A9A23600808E1E /* RadiusViewController.swift */; };
		6536D23C295E480B00C14635 /* BadgesViewController.swift in Sources */ = {isa = PBXBuildFile; fileRef = 6536D23B295E480B00C14635 /* BadgesViewController.swift */; };
		6536D23F296F2C0500C14635 /* ChipViewController.swift in Sources */ = {isa = PBXBuildFile; fileRef = 6536D23E296F2C0500C14635 /* ChipViewController.swift */; };
		6548C67929718EB4005FFDC4 /* ChipTableViewCell.xib in Resources */ = {isa = PBXBuildFile; fileRef = 6548C67729718EB4005FFDC4 /* ChipTableViewCell.xib */; };
		6548C67A29718EB4005FFDC4 /* ChipTableVewCell.swift in Sources */ = {isa = PBXBuildFile; fileRef = 6548C67829718EB4005FFDC4 /* ChipTableVewCell.swift */; };
		6551745B27EDBDFA0043700F /* BadgeCollectionViewCell.xib in Resources */ = {isa = PBXBuildFile; fileRef = 6551745827EDBDFA0043700F /* BadgeCollectionViewCell.xib */; };
		6551745C27EDBDFA0043700F /* BadgeCollectionViewCell.swift in Sources */ = {isa = PBXBuildFile; fileRef = 6551745927EDBDFA0043700F /* BadgeCollectionViewCell.swift */; };
		6551746127EDBFAE0043700F /* BaseHeaderedCollectionViewController.swift in Sources */ = {isa = PBXBuildFile; fileRef = 6551745F27EDBFAE0043700F /* BaseHeaderedCollectionViewController.swift */; };
		6551746227EDBFAE0043700F /* BaseImageCollectionViewController.swift in Sources */ = {isa = PBXBuildFile; fileRef = 6551746027EDBFAE0043700F /* BaseImageCollectionViewController.swift */; };
		655A2C472991BAC90072AC6F /* SegmentedControlViewController.swift in Sources */ = {isa = PBXBuildFile; fileRef = 655A2C462991BAC90072AC6F /* SegmentedControlViewController.swift */; };
		657606FF295C4C1C00D2ECB1 /* SnackbarViewController.swift in Sources */ = {isa = PBXBuildFile; fileRef = 657606FE295C4C1C00D2ECB1 /* SnackbarViewController.swift */; };
		659BBA7B288BEA2B00574333 /* ButtonsView.swift in Sources */ = {isa = PBXBuildFile; fileRef = 659BBA7A288BEA2B00574333 /* ButtonsView.swift */; };
		659BBA7F288BFC7C00574333 /* ButtonModel.swift in Sources */ = {isa = PBXBuildFile; fileRef = 659BBA7E288BFC7C00574333 /* ButtonModel.swift */; };
		65B52A1927392EDD008D9B5E /* SwitchViewController.swift in Sources */ = {isa = PBXBuildFile; fileRef = 65B52A1827392EDD008D9B5E /* SwitchViewController.swift */; };
		65B52A1D27394136008D9B5E /* SwitchTableViewCell.swift in Sources */ = {isa = PBXBuildFile; fileRef = 65B52A1C27394136008D9B5E /* SwitchTableViewCell.swift */; };
		65B52A1F273944DC008D9B5E /* SwitchTableViewCell.xib in Resources */ = {isa = PBXBuildFile; fileRef = 65B52A1E273944DC008D9B5E /* SwitchTableViewCell.xib */; };
		65B52A232739553A008D9B5E /* TextFieldViewController.swift in Sources */ = {isa = PBXBuildFile; fileRef = 65B52A222739553A008D9B5E /* TextFieldViewController.swift */; };
		65BD9F3D2768D06900EEDC0D /* IconCollectionViewCell.xib in Resources */ = {isa = PBXBuildFile; fileRef = 65BD9F3A2768D06900EEDC0D /* IconCollectionViewCell.xib */; };
		65BD9F3E2768D06900EEDC0D /* IconCollectionViewCell.swift in Sources */ = {isa = PBXBuildFile; fileRef = 65BD9F3B2768D06900EEDC0D /* IconCollectionViewCell.swift */; };
		65BD9F3F2768D06900EEDC0D /* IconsViewController.swift in Sources */ = {isa = PBXBuildFile; fileRef = 65BD9F3C2768D06900EEDC0D /* IconsViewController.swift */; };
		65C518C827D673FF00B87FF0 /* TagViewController.swift in Sources */ = {isa = PBXBuildFile; fileRef = 65C518C427D673FF00B87FF0 /* TagViewController.swift */; };
		65C518C927D673FF00B87FF0 /* MonoTagTableViewCell.xib in Resources */ = {isa = PBXBuildFile; fileRef = 65C518C627D673FF00B87FF0 /* MonoTagTableViewCell.xib */; };
		65C518CA27D673FF00B87FF0 /* TagTableViewCell.swift in Sources */ = {isa = PBXBuildFile; fileRef = 65C518C727D673FF00B87FF0 /* TagTableViewCell.swift */; };
		65C518CC27D6B64800B87FF0 /* MultipleTagTableViewCell.xib in Resources */ = {isa = PBXBuildFile; fileRef = 65C518CB27D6B64800B87FF0 /* MultipleTagTableViewCell.xib */; };
		65D1B6692787422100C1560B /* ShadowsViewController.swift in Sources */ = {isa = PBXBuildFile; fileRef = 65D1B6652787422100C1560B /* ShadowsViewController.swift */; };
		65D1B66A2787422100C1560B /* ShadowTableViewCell.swift in Sources */ = {isa = PBXBuildFile; fileRef = 65D1B6672787422100C1560B /* ShadowTableViewCell.swift */; };
		65D1B66B2787422100C1560B /* ShadowTableViewCell.xib in Resources */ = {isa = PBXBuildFile; fileRef = 65D1B6682787422100C1560B /* ShadowTableViewCell.xib */; };
		65F1BC1227CE2101002D08D8 /* LargeAssetCollectionViewCell.xib in Resources */ = {isa = PBXBuildFile; fileRef = 65F1BC0E27CE2101002D08D8 /* LargeAssetCollectionViewCell.xib */; };
		65F1BC1327CE2101002D08D8 /* AssetCollectionViewCell.xib in Resources */ = {isa = PBXBuildFile; fileRef = 65F1BC0F27CE2101002D08D8 /* AssetCollectionViewCell.xib */; };
		65F1BC1427CE2101002D08D8 /* AssetCollectionViewCell.swift in Sources */ = {isa = PBXBuildFile; fileRef = 65F1BC1027CE2101002D08D8 /* AssetCollectionViewCell.swift */; };
		65F1BC1527CE2101002D08D8 /* AssetsViewController.swift in Sources */ = {isa = PBXBuildFile; fileRef = 65F1BC1127CE2101002D08D8 /* AssetsViewController.swift */; };
		65F1BC1F27CE8836002D08D8 /* ProgressbarViewController.swift in Sources */ = {isa = PBXBuildFile; fileRef = 65F1BC1A27CE8836002D08D8 /* ProgressbarViewController.swift */; };
		65F1BC2027CE8836002D08D8 /* LinearProgressbarTableViewCell.xib in Resources */ = {isa = PBXBuildFile; fileRef = 65F1BC1C27CE8836002D08D8 /* LinearProgressbarTableViewCell.xib */; };
		65F1BC2127CE8836002D08D8 /* CircularProgressbarTableViewCell.xib in Resources */ = {isa = PBXBuildFile; fileRef = 65F1BC1D27CE8836002D08D8 /* CircularProgressbarTableViewCell.xib */; };
		65F1BC2227CE8836002D08D8 /* ProgressbarTableViewCells.swift in Sources */ = {isa = PBXBuildFile; fileRef = 65F1BC1E27CE8836002D08D8 /* ProgressbarTableViewCells.swift */; };
		AA68B4CB25681A5A00F1A4D7 /* ButtonTableViewCell.swift in Sources */ = {isa = PBXBuildFile; fileRef = AA68B4CA25681A5A00F1A4D7 /* ButtonTableViewCell.swift */; };
		AA68B4CE25681A6700F1A4D7 /* ButtonTableViewCell.xib in Resources */ = {isa = PBXBuildFile; fileRef = AA68B4CD25681A6700F1A4D7 /* ButtonTableViewCell.xib */; };
		AAB029CE256805A900F08C74 /* ColorsViewController.swift in Sources */ = {isa = PBXBuildFile; fileRef = AAB029CD256805A900F08C74 /* ColorsViewController.swift */; };
		AAB029D1256805CC00F08C74 /* TypographyViewController.swift in Sources */ = {isa = PBXBuildFile; fileRef = AAB029D0256805CC00F08C74 /* TypographyViewController.swift */; };
		AAB029D4256805E200F08C74 /* ButtonsViewController.swift in Sources */ = {isa = PBXBuildFile; fileRef = AAB029D3256805E200F08C74 /* ButtonsViewController.swift */; };
		AAB029E925680D8D00F08C74 /* ColorTableViewCell.swift in Sources */ = {isa = PBXBuildFile; fileRef = AAB029E825680D8D00F08C74 /* ColorTableViewCell.swift */; };
		AAB029ED25680DEE00F08C74 /* ColorTableViewCell.xib in Resources */ = {isa = PBXBuildFile; fileRef = AAB029EC25680DEE00F08C74 /* ColorTableViewCell.xib */; };
		AAC5D4412567FE710070667D /* AppDelegate.swift in Sources */ = {isa = PBXBuildFile; fileRef = AAC5D4402567FE710070667D /* AppDelegate.swift */; };
		AAC5D4482567FE710070667D /* Main.storyboard in Resources */ = {isa = PBXBuildFile; fileRef = AAC5D4462567FE710070667D /* Main.storyboard */; };
		AAC5D44A2567FE720070667D /* Assets.xcassets in Resources */ = {isa = PBXBuildFile; fileRef = AAC5D4492567FE720070667D /* Assets.xcassets */; };
		AAC5D44D2567FE720070667D /* LaunchScreen.storyboard in Resources */ = {isa = PBXBuildFile; fileRef = AAC5D44B2567FE720070667D /* LaunchScreen.storyboard */; };
/* End PBXBuildFile section */

/* Begin PBXContainerItemProxy section */
		3D9863122A01687E0071CC8C /* PBXContainerItemProxy */ = {
			isa = PBXContainerItemProxy;
			containerPortal = AAC5D4352567FE710070667D /* Project object */;
			proxyType = 1;
			remoteGlobalIDString = AAC5D43C2567FE710070667D;
			remoteInfo = Showcase;
		};
/* End PBXContainerItemProxy section */

/* Begin PBXFileReference section */
		30F95E43292FBA0500D6CEB7 /* TextFieldsView.swift */ = {isa = PBXFileReference; lastKnownFileType = sourcecode.swift; path = TextFieldsView.swift; sourceTree = "<group>"; };
		3D54BF902A44392900D77578 /* NonRegressionTests.swift */ = {isa = PBXFileReference; lastKnownFileType = sourcecode.swift; path = NonRegressionTests.swift; sourceTree = "<group>"; };
		3D5771172A4B2AF2006F0689 /* ReadSize.swift */ = {isa = PBXFileReference; fileEncoding = 4; lastKnownFileType = sourcecode.swift; path = ReadSize.swift; sourceTree = "<group>"; };
		3D98630E2A01687E0071CC8C /* ShowcaseSnapshotTests.xctest */ = {isa = PBXFileReference; explicitFileType = wrapper.cfbundle; includeInIndex = 0; path = ShowcaseSnapshotTests.xctest; sourceTree = BUILT_PRODUCTS_DIR; };
		3D98631C2A0168DE0071CC8C /* ShowcaseSnapshotUIKitTests.swift */ = {isa = PBXFileReference; fileEncoding = 4; lastKnownFileType = sourcecode.swift; path = ShowcaseSnapshotUIKitTests.swift; sourceTree = "<group>"; };
		3D98631E2A0168FA0071CC8C /* ShowcaseSnapshotSwiftUITests.swift */ = {isa = PBXFileReference; lastKnownFileType = sourcecode.swift; path = ShowcaseSnapshotSwiftUITests.swift; sourceTree = "<group>"; };
		4A01623629BB8A1800FC964E /* UIImage+Resize.swift */ = {isa = PBXFileReference; fileEncoding = 4; lastKnownFileType = sourcecode.swift; path = "UIImage+Resize.swift"; sourceTree = "<group>"; };
		4A01623829BB8AD200FC964E /* IconsModel+Sections.swift */ = {isa = PBXFileReference; lastKnownFileType = sourcecode.swift; path = "IconsModel+Sections.swift"; sourceTree = "<group>"; };
		4A038B53293A7CCD00ADFDE6 /* VitaminTextFieldView.swift */ = {isa = PBXFileReference; lastKnownFileType = sourcecode.swift; path = VitaminTextFieldView.swift; sourceTree = "<group>"; };
		4A07433827D94BB0005BD446 /* MainView.swift */ = {isa = PBXFileReference; lastKnownFileType = sourcecode.swift; path = MainView.swift; sourceTree = "<group>"; };
		4A07433A27D94C90005BD446 /* MainTabController.swift */ = {isa = PBXFileReference; lastKnownFileType = sourcecode.swift; path = MainTabController.swift; sourceTree = "<group>"; };
		4A07433D27D9541F005BD446 /* NavigationTitleModifier.swift */ = {isa = PBXFileReference; lastKnownFileType = sourcecode.swift; path = NavigationTitleModifier.swift; sourceTree = "<group>"; };
		4A35E4742812B34E001526D8 /* ColorsModel.swift */ = {isa = PBXFileReference; lastKnownFileType = sourcecode.swift; path = ColorsModel.swift; sourceTree = "<group>"; };
		4A35E4762812B357001526D8 /* ColorsView.swift */ = {isa = PBXFileReference; lastKnownFileType = sourcecode.swift; path = ColorsView.swift; sourceTree = "<group>"; };
		4A35E47B2812FE77001526D8 /* ColorsModel+Semantic.swift */ = {isa = PBXFileReference; lastKnownFileType = sourcecode.swift; path = "ColorsModel+Semantic.swift"; sourceTree = "<group>"; };
		4A35E47D2812FEDE001526D8 /* ColorsModel+Base.swift */ = {isa = PBXFileReference; lastKnownFileType = sourcecode.swift; path = "ColorsModel+Base.swift"; sourceTree = "<group>"; };
		4A35E48028130495001526D8 /* RadiusesModel.swift */ = {isa = PBXFileReference; lastKnownFileType = sourcecode.swift; path = RadiusesModel.swift; sourceTree = "<group>"; };
		4A35E482281304A1001526D8 /* RadiusesView.swift */ = {isa = PBXFileReference; lastKnownFileType = sourcecode.swift; path = RadiusesView.swift; sourceTree = "<group>"; };
		4A35E4862816C1F4001526D8 /* ShadowsView.swift */ = {isa = PBXFileReference; lastKnownFileType = sourcecode.swift; path = ShadowsView.swift; sourceTree = "<group>"; };
		4A35E4882816C20A001526D8 /* ShadowsModel.swift */ = {isa = PBXFileReference; lastKnownFileType = sourcecode.swift; path = ShadowsModel.swift; sourceTree = "<group>"; };
		4A35E48D2816D124001526D8 /* TypographyModel.swift */ = {isa = PBXFileReference; lastKnownFileType = sourcecode.swift; path = TypographyModel.swift; sourceTree = "<group>"; };
		4A35E48F2816D1B5001526D8 /* TypographyView.swift */ = {isa = PBXFileReference; lastKnownFileType = sourcecode.swift; path = TypographyView.swift; sourceTree = "<group>"; };
		4A46438F2806C91700942AD7 /* AssetsModel.swift */ = {isa = PBXFileReference; lastKnownFileType = sourcecode.swift; path = AssetsModel.swift; sourceTree = "<group>"; };
		4A4643922806D60B00942AD7 /* IconsView.swift */ = {isa = PBXFileReference; lastKnownFileType = sourcecode.swift; path = IconsView.swift; sourceTree = "<group>"; };
		4A4C0B1C292EB187002653E1 /* TextFieldModel.swift */ = {isa = PBXFileReference; fileEncoding = 4; lastKnownFileType = sourcecode.swift; path = TextFieldModel.swift; sourceTree = "<group>"; };
		4A67EDBC28F729F20049555F /* BadgesView.swift */ = {isa = PBXFileReference; lastKnownFileType = sourcecode.swift; path = BadgesView.swift; sourceTree = "<group>"; };
		4A67EDBF28F72AD30049555F /* BadgeModel.swift */ = {isa = PBXFileReference; lastKnownFileType = sourcecode.swift; path = BadgeModel.swift; sourceTree = "<group>"; };
		4A90D1512938EC7D00E15A44 /* DynamicFrameModifier.swift */ = {isa = PBXFileReference; fileEncoding = 4; lastKnownFileType = sourcecode.swift; path = DynamicFrameModifier.swift; sourceTree = "<group>"; };
		4A90D1522938EC7D00E15A44 /* AdaptiveStack.swift */ = {isa = PBXFileReference; fileEncoding = 4; lastKnownFileType = sourcecode.swift; path = AdaptiveStack.swift; sourceTree = "<group>"; };
		4A91BAAD2864CC5C0032B31E /* IconsModel.swift */ = {isa = PBXFileReference; fileEncoding = 4; lastKnownFileType = sourcecode.swift; path = IconsModel.swift; sourceTree = "<group>"; };
		4A9BE58B29352B5600445337 /* OnChangeModifier.swift */ = {isa = PBXFileReference; lastKnownFileType = sourcecode.swift; path = OnChangeModifier.swift; sourceTree = "<group>"; };
		4AAD2B66276772D200727D8E /* MainTableViewController.swift */ = {isa = PBXFileReference; lastKnownFileType = sourcecode.swift; path = MainTableViewController.swift; sourceTree = "<group>"; };
		4ACCCBD42805E71400FD184B /* AssetsView.swift */ = {isa = PBXFileReference; lastKnownFileType = sourcecode.swift; path = AssetsView.swift; sourceTree = "<group>"; };
		4ACCCBD62805E7AE00FD184B /* ViewExtension.swift */ = {isa = PBXFileReference; lastKnownFileType = sourcecode.swift; path = ViewExtension.swift; sourceTree = "<group>"; };
		4ACCCBD82805FF7100FD184B /* ArrayExtension.swift */ = {isa = PBXFileReference; lastKnownFileType = sourcecode.swift; path = ArrayExtension.swift; sourceTree = "<group>"; };
		6500D77129999B9300A1F154 /* SampleLabelViewController.swift */ = {isa = PBXFileReference; lastKnownFileType = sourcecode.swift; path = SampleLabelViewController.swift; sourceTree = "<group>"; };
		651EF24C272BE8D500121F7A /* TextFieldTableViewCell.swift */ = {isa = PBXFileReference; lastKnownFileType = sourcecode.swift; path = TextFieldTableViewCell.swift; sourceTree = "<group>"; };
		651EF251272C0AD500121F7A /* TextFieldTableViewCell.xib */ = {isa = PBXFileReference; lastKnownFileType = file.xib; path = TextFieldTableViewCell.xib; sourceTree = "<group>"; };
		6521D85E27DA100A00A15A06 /* TagCollectionViewCell.xib */ = {isa = PBXFileReference; fileEncoding = 4; lastKnownFileType = file.xib; path = TagCollectionViewCell.xib; sourceTree = "<group>"; };
		6521D86027DA4B3400A15A06 /* TagCollectionViewCell.swift */ = {isa = PBXFileReference; fileEncoding = 4; lastKnownFileType = sourcecode.swift; path = TagCollectionViewCell.swift; sourceTree = "<group>"; };
		6531B77F27A9A23600808E1E /* RadiusTableViewCell.swift */ = {isa = PBXFileReference; fileEncoding = 4; lastKnownFileType = sourcecode.swift; path = RadiusTableViewCell.swift; sourceTree = "<group>"; };
		6531B78027A9A23600808E1E /* RadiusTableViewCell.xib */ = {isa = PBXFileReference; fileEncoding = 4; lastKnownFileType = file.xib; path = RadiusTableViewCell.xib; sourceTree = "<group>"; };
		6531B78127A9A23600808E1E /* RadiusViewController.swift */ = {isa = PBXFileReference; fileEncoding = 4; lastKnownFileType = sourcecode.swift; path = RadiusViewController.swift; sourceTree = "<group>"; };
		6536D23B295E480B00C14635 /* BadgesViewController.swift */ = {isa = PBXFileReference; fileEncoding = 4; lastKnownFileType = sourcecode.swift; path = BadgesViewController.swift; sourceTree = "<group>"; };
		6536D23E296F2C0500C14635 /* ChipViewController.swift */ = {isa = PBXFileReference; fileEncoding = 4; lastKnownFileType = sourcecode.swift; path = ChipViewController.swift; sourceTree = "<group>"; };
		654642B3276A513C00213415 /* vitamin-ios */ = {isa = PBXFileReference; lastKnownFileType = folder; name = "vitamin-ios"; path = ..; sourceTree = "<group>"; };
		654642B4276A528C00213415 /* vitamin-ios */ = {isa = PBXFileReference; lastKnownFileType = folder; name = "vitamin-ios"; path = ..; sourceTree = "<group>"; };
		6548C67729718EB4005FFDC4 /* ChipTableViewCell.xib */ = {isa = PBXFileReference; fileEncoding = 4; lastKnownFileType = file.xib; path = ChipTableViewCell.xib; sourceTree = "<group>"; };
		6548C67829718EB4005FFDC4 /* ChipTableVewCell.swift */ = {isa = PBXFileReference; fileEncoding = 4; lastKnownFileType = sourcecode.swift; path = ChipTableVewCell.swift; sourceTree = "<group>"; };
		6551745827EDBDFA0043700F /* BadgeCollectionViewCell.xib */ = {isa = PBXFileReference; fileEncoding = 4; lastKnownFileType = file.xib; path = BadgeCollectionViewCell.xib; sourceTree = "<group>"; };
		6551745927EDBDFA0043700F /* BadgeCollectionViewCell.swift */ = {isa = PBXFileReference; fileEncoding = 4; lastKnownFileType = sourcecode.swift; path = BadgeCollectionViewCell.swift; sourceTree = "<group>"; };
		6551745F27EDBFAE0043700F /* BaseHeaderedCollectionViewController.swift */ = {isa = PBXFileReference; fileEncoding = 4; lastKnownFileType = sourcecode.swift; path = BaseHeaderedCollectionViewController.swift; sourceTree = "<group>"; };
		6551746027EDBFAE0043700F /* BaseImageCollectionViewController.swift */ = {isa = PBXFileReference; fileEncoding = 4; lastKnownFileType = sourcecode.swift; path = BaseImageCollectionViewController.swift; sourceTree = "<group>"; };
		655A2C462991BAC90072AC6F /* SegmentedControlViewController.swift */ = {isa = PBXFileReference; fileEncoding = 4; lastKnownFileType = sourcecode.swift; path = SegmentedControlViewController.swift; sourceTree = "<group>"; };
		657606FE295C4C1C00D2ECB1 /* SnackbarViewController.swift */ = {isa = PBXFileReference; fileEncoding = 4; lastKnownFileType = sourcecode.swift; path = SnackbarViewController.swift; sourceTree = "<group>"; };
		659BBA7A288BEA2B00574333 /* ButtonsView.swift */ = {isa = PBXFileReference; lastKnownFileType = sourcecode.swift; path = ButtonsView.swift; sourceTree = "<group>"; };
		659BBA7E288BFC7C00574333 /* ButtonModel.swift */ = {isa = PBXFileReference; lastKnownFileType = sourcecode.swift; path = ButtonModel.swift; sourceTree = "<group>"; };
		65B52A1827392EDD008D9B5E /* SwitchViewController.swift */ = {isa = PBXFileReference; lastKnownFileType = sourcecode.swift; path = SwitchViewController.swift; sourceTree = "<group>"; };
		65B52A1C27394136008D9B5E /* SwitchTableViewCell.swift */ = {isa = PBXFileReference; lastKnownFileType = sourcecode.swift; path = SwitchTableViewCell.swift; sourceTree = "<group>"; };
		65B52A1E273944DC008D9B5E /* SwitchTableViewCell.xib */ = {isa = PBXFileReference; lastKnownFileType = file.xib; path = SwitchTableViewCell.xib; sourceTree = "<group>"; };
		65B52A222739553A008D9B5E /* TextFieldViewController.swift */ = {isa = PBXFileReference; fileEncoding = 4; lastKnownFileType = sourcecode.swift; path = TextFieldViewController.swift; sourceTree = "<group>"; };
		65BD9F3A2768D06900EEDC0D /* IconCollectionViewCell.xib */ = {isa = PBXFileReference; fileEncoding = 4; lastKnownFileType = file.xib; path = IconCollectionViewCell.xib; sourceTree = "<group>"; };
		65BD9F3B2768D06900EEDC0D /* IconCollectionViewCell.swift */ = {isa = PBXFileReference; fileEncoding = 4; lastKnownFileType = sourcecode.swift; path = IconCollectionViewCell.swift; sourceTree = "<group>"; };
		65BD9F3C2768D06900EEDC0D /* IconsViewController.swift */ = {isa = PBXFileReference; fileEncoding = 4; lastKnownFileType = sourcecode.swift; path = IconsViewController.swift; sourceTree = "<group>"; };
		65C518C427D673FF00B87FF0 /* TagViewController.swift */ = {isa = PBXFileReference; fileEncoding = 4; lastKnownFileType = sourcecode.swift; path = TagViewController.swift; sourceTree = "<group>"; };
		65C518C627D673FF00B87FF0 /* MonoTagTableViewCell.xib */ = {isa = PBXFileReference; fileEncoding = 4; lastKnownFileType = file.xib; path = MonoTagTableViewCell.xib; sourceTree = "<group>"; };
		65C518C727D673FF00B87FF0 /* TagTableViewCell.swift */ = {isa = PBXFileReference; fileEncoding = 4; lastKnownFileType = sourcecode.swift; path = TagTableViewCell.swift; sourceTree = "<group>"; };
		65C518CB27D6B64800B87FF0 /* MultipleTagTableViewCell.xib */ = {isa = PBXFileReference; fileEncoding = 4; lastKnownFileType = file.xib; path = MultipleTagTableViewCell.xib; sourceTree = "<group>"; };
		65D1B6652787422100C1560B /* ShadowsViewController.swift */ = {isa = PBXFileReference; fileEncoding = 4; lastKnownFileType = sourcecode.swift; path = ShadowsViewController.swift; sourceTree = "<group>"; };
		65D1B6672787422100C1560B /* ShadowTableViewCell.swift */ = {isa = PBXFileReference; fileEncoding = 4; lastKnownFileType = sourcecode.swift; path = ShadowTableViewCell.swift; sourceTree = "<group>"; };
		65D1B6682787422100C1560B /* ShadowTableViewCell.xib */ = {isa = PBXFileReference; fileEncoding = 4; lastKnownFileType = file.xib; path = ShadowTableViewCell.xib; sourceTree = "<group>"; };
		65F1BC0E27CE2101002D08D8 /* LargeAssetCollectionViewCell.xib */ = {isa = PBXFileReference; fileEncoding = 4; lastKnownFileType = file.xib; path = LargeAssetCollectionViewCell.xib; sourceTree = "<group>"; };
		65F1BC0F27CE2101002D08D8 /* AssetCollectionViewCell.xib */ = {isa = PBXFileReference; fileEncoding = 4; lastKnownFileType = file.xib; path = AssetCollectionViewCell.xib; sourceTree = "<group>"; };
		65F1BC1027CE2101002D08D8 /* AssetCollectionViewCell.swift */ = {isa = PBXFileReference; fileEncoding = 4; lastKnownFileType = sourcecode.swift; path = AssetCollectionViewCell.swift; sourceTree = "<group>"; };
		65F1BC1127CE2101002D08D8 /* AssetsViewController.swift */ = {isa = PBXFileReference; fileEncoding = 4; lastKnownFileType = sourcecode.swift; path = AssetsViewController.swift; sourceTree = "<group>"; };
		65F1BC1A27CE8836002D08D8 /* ProgressbarViewController.swift */ = {isa = PBXFileReference; fileEncoding = 4; lastKnownFileType = sourcecode.swift; path = ProgressbarViewController.swift; sourceTree = "<group>"; };
		65F1BC1C27CE8836002D08D8 /* LinearProgressbarTableViewCell.xib */ = {isa = PBXFileReference; fileEncoding = 4; lastKnownFileType = file.xib; path = LinearProgressbarTableViewCell.xib; sourceTree = "<group>"; };
		65F1BC1D27CE8836002D08D8 /* CircularProgressbarTableViewCell.xib */ = {isa = PBXFileReference; fileEncoding = 4; lastKnownFileType = file.xib; path = CircularProgressbarTableViewCell.xib; sourceTree = "<group>"; };
		65F1BC1E27CE8836002D08D8 /* ProgressbarTableViewCells.swift */ = {isa = PBXFileReference; fileEncoding = 4; lastKnownFileType = sourcecode.swift; path = ProgressbarTableViewCells.swift; sourceTree = "<group>"; };
		AA68B4CA25681A5A00F1A4D7 /* ButtonTableViewCell.swift */ = {isa = PBXFileReference; lastKnownFileType = sourcecode.swift; path = ButtonTableViewCell.swift; sourceTree = "<group>"; };
		AA68B4CD25681A6700F1A4D7 /* ButtonTableViewCell.xib */ = {isa = PBXFileReference; lastKnownFileType = file.xib; path = ButtonTableViewCell.xib; sourceTree = "<group>"; };
		AAB029CD256805A900F08C74 /* ColorsViewController.swift */ = {isa = PBXFileReference; lastKnownFileType = sourcecode.swift; path = ColorsViewController.swift; sourceTree = "<group>"; };
		AAB029D0256805CC00F08C74 /* TypographyViewController.swift */ = {isa = PBXFileReference; lastKnownFileType = sourcecode.swift; path = TypographyViewController.swift; sourceTree = "<group>"; };
		AAB029D3256805E200F08C74 /* ButtonsViewController.swift */ = {isa = PBXFileReference; lastKnownFileType = sourcecode.swift; path = ButtonsViewController.swift; sourceTree = "<group>"; };
		AAB029E825680D8D00F08C74 /* ColorTableViewCell.swift */ = {isa = PBXFileReference; lastKnownFileType = sourcecode.swift; path = ColorTableViewCell.swift; sourceTree = "<group>"; };
		AAB029EC25680DEE00F08C74 /* ColorTableViewCell.xib */ = {isa = PBXFileReference; lastKnownFileType = file.xib; path = ColorTableViewCell.xib; sourceTree = "<group>"; };
		AAC5D43D2567FE710070667D /* Showcase.app */ = {isa = PBXFileReference; explicitFileType = wrapper.application; includeInIndex = 0; path = Showcase.app; sourceTree = BUILT_PRODUCTS_DIR; };
		AAC5D4402567FE710070667D /* AppDelegate.swift */ = {isa = PBXFileReference; lastKnownFileType = sourcecode.swift; path = AppDelegate.swift; sourceTree = "<group>"; };
		AAC5D4472567FE710070667D /* Base */ = {isa = PBXFileReference; lastKnownFileType = file.storyboard; name = Base; path = Base.lproj/Main.storyboard; sourceTree = "<group>"; };
		AAC5D4492567FE720070667D /* Assets.xcassets */ = {isa = PBXFileReference; lastKnownFileType = folder.assetcatalog; path = Assets.xcassets; sourceTree = "<group>"; };
		AAC5D44C2567FE720070667D /* Base */ = {isa = PBXFileReference; lastKnownFileType = file.storyboard; name = Base; path = Base.lproj/LaunchScreen.storyboard; sourceTree = "<group>"; };
		AAC5D44E2567FE720070667D /* Info.plist */ = {isa = PBXFileReference; lastKnownFileType = text.plist.xml; path = Info.plist; sourceTree = "<group>"; };
/* End PBXFileReference section */

/* Begin PBXFrameworksBuildPhase section */
		3D98630B2A01687E0071CC8C /* Frameworks */ = {
			isa = PBXFrameworksBuildPhase;
			buildActionMask = 2147483647;
			files = (
				3D98631B2A01689A0071CC8C /* PreviewSnapshotsTesting in Frameworks */,
			);
			runOnlyForDeploymentPostprocessing = 0;
		};
		AAC5D43A2567FE710070667D /* Frameworks */ = {
			isa = PBXFrameworksBuildPhase;
			buildActionMask = 2147483647;
			files = (
				4AB763AE2825725300092033 /* VitaminCore in Frameworks */,
				3D9863192A01689A0071CC8C /* PreviewSnapshots in Frameworks */,
				4A35E4642811EE2E001526D8 /* VitaminSwiftUI in Frameworks */,
				4A35E4602811EE2E001526D8 /* Vitamin in Frameworks */,
			);
			runOnlyForDeploymentPostprocessing = 0;
		};
/* End PBXFrameworksBuildPhase section */

/* Begin PBXGroup section */
		3D98630F2A01687E0071CC8C /* ShowcaseSnapshotTests */ = {
			isa = PBXGroup;
			children = (
				3D5771172A4B2AF2006F0689 /* ReadSize.swift */,
				3D98631C2A0168DE0071CC8C /* ShowcaseSnapshotUIKitTests.swift */,
				3D54BF902A44392900D77578 /* NonRegressionTests.swift */,
				3D98631E2A0168FA0071CC8C /* ShowcaseSnapshotSwiftUITests.swift */,
			);
			path = ShowcaseSnapshotTests;
			sourceTree = "<group>";
		};
		4A01623529BB8A1800FC964E /* Utils */ = {
			isa = PBXGroup;
			children = (
				4A01623629BB8A1800FC964E /* UIImage+Resize.swift */,
			);
			path = Utils;
			sourceTree = "<group>";
		};
		4A038B402939F7D200ADFDE6 /* TextField */ = {
			isa = PBXGroup;
			children = (
				4A038B55293A7CE700ADFDE6 /* Views */,
				30F95E43292FBA0500D6CEB7 /* TextFieldsView.swift */,
			);
			path = TextField;
			sourceTree = "<group>";
		};
		4A038B55293A7CE700ADFDE6 /* Views */ = {
			isa = PBXGroup;
			children = (
				4A038B53293A7CCD00ADFDE6 /* VitaminTextFieldView.swift */,
			);
			path = Views;
			sourceTree = "<group>";
		};
		4A07433027D949F2005BD446 /* UIKit */ = {
			isa = PBXGroup;
			children = (
				4AAD2B692767730300727D8E /* Components */,
				4AAD2B6B2767733500727D8E /* Foundations */,
				4A07433227D94A1C005BD446 /* Main */,
				6551745E27EDBFAE0043700F /* Utils */,
			);
			path = UIKit;
			sourceTree = "<group>";
		};
		4A07433127D94A10005BD446 /* SwiftUI */ = {
			isa = PBXGroup;
			children = (
				659BBA79288BE9F700574333 /* Components */,
				4ACCCBD02805E4A300FD184B /* Foundations */,
				4A07433727D94B9B005BD446 /* Main */,
				4A07433C27D953D0005BD446 /* Utils */,
			);
			path = SwiftUI;
			sourceTree = "<group>";
		};
		4A07433227D94A1C005BD446 /* Main */ = {
			isa = PBXGroup;
			children = (
				4AAD2B66276772D200727D8E /* MainTableViewController.swift */,
			);
			path = Main;
			sourceTree = "<group>";
		};
		4A07433727D94B9B005BD446 /* Main */ = {
			isa = PBXGroup;
			children = (
				4A07433827D94BB0005BD446 /* MainView.swift */,
			);
			path = Main;
			sourceTree = "<group>";
		};
		4A07433C27D953D0005BD446 /* Utils */ = {
			isa = PBXGroup;
			children = (
				4A90D1502938EC7D00E15A44 /* Accessibility */,
				4A4643A52806ED7000942AD7 /* Extensions */,
				4A4643A42806ED6100942AD7 /* Modifiers */,
			);
			path = Utils;
			sourceTree = "<group>";
		};
		4A35E4732812B31D001526D8 /* Colors */ = {
			isa = PBXGroup;
			children = (
				4A35E4762812B357001526D8 /* ColorsView.swift */,
			);
			path = Colors;
			sourceTree = "<group>";
		};
		4A35E4782812E432001526D8 /* Core */ = {
			isa = PBXGroup;
			children = (
				659BBA7C288BFC5900574333 /* Components */,
				4A35E4792812E443001526D8 /* Foundations */,
			);
			path = Core;
			sourceTree = "<group>";
		};
		4A35E4792812E443001526D8 /* Foundations */ = {
			isa = PBXGroup;
			children = (
				4A91BAAF2864CF5D0032B31E /* Assets */,
				4A35E47A2812E44B001526D8 /* Colors */,
				4A91BAAC2864CC5C0032B31E /* Icons */,
				4A35E484281305D0001526D8 /* Radiuses */,
				4A35E48A2816C20E001526D8 /* Shadows */,
				4A35E48C2816D066001526D8 /* Typography */,
			);
			path = Foundations;
			sourceTree = "<group>";
		};
		4A35E47A2812E44B001526D8 /* Colors */ = {
			isa = PBXGroup;
			children = (
				4A35E4742812B34E001526D8 /* ColorsModel.swift */,
				4A35E47D2812FEDE001526D8 /* ColorsModel+Base.swift */,
				4A35E47B2812FE77001526D8 /* ColorsModel+Semantic.swift */,
			);
			path = Colors;
			sourceTree = "<group>";
		};
		4A35E47F28130476001526D8 /* Radiuses */ = {
			isa = PBXGroup;
			children = (
				4A35E482281304A1001526D8 /* RadiusesView.swift */,
			);
			path = Radiuses;
			sourceTree = "<group>";
		};
		4A35E484281305D0001526D8 /* Radiuses */ = {
			isa = PBXGroup;
			children = (
				4A35E48028130495001526D8 /* RadiusesModel.swift */,
			);
			path = Radiuses;
			sourceTree = "<group>";
		};
		4A35E4852816C1D2001526D8 /* Shadows */ = {
			isa = PBXGroup;
			children = (
				4A35E4862816C1F4001526D8 /* ShadowsView.swift */,
			);
			path = Shadows;
			sourceTree = "<group>";
		};
		4A35E48A2816C20E001526D8 /* Shadows */ = {
			isa = PBXGroup;
			children = (
				4A35E4882816C20A001526D8 /* ShadowsModel.swift */,
			);
			path = Shadows;
			sourceTree = "<group>";
		};
		4A35E48B2816D03E001526D8 /* Typography */ = {
			isa = PBXGroup;
			children = (
				4A35E48F2816D1B5001526D8 /* TypographyView.swift */,
			);
			path = Typography;
			sourceTree = "<group>";
		};
		4A35E48C2816D066001526D8 /* Typography */ = {
			isa = PBXGroup;
			children = (
				4A35E48D2816D124001526D8 /* TypographyModel.swift */,
			);
			path = Typography;
			sourceTree = "<group>";
		};
		4A4643912806D5F100942AD7 /* Icons */ = {
			isa = PBXGroup;
			children = (
				4A4643922806D60B00942AD7 /* IconsView.swift */,
			);
			path = Icons;
			sourceTree = "<group>";
		};
		4A4643A42806ED6100942AD7 /* Modifiers */ = {
			isa = PBXGroup;
			children = (
				4A07433D27D9541F005BD446 /* NavigationTitleModifier.swift */,
				4A9BE58B29352B5600445337 /* OnChangeModifier.swift */,
			);
			path = Modifiers;
			sourceTree = "<group>";
		};
		4A4643A52806ED7000942AD7 /* Extensions */ = {
			isa = PBXGroup;
			children = (
				4ACCCBD82805FF7100FD184B /* ArrayExtension.swift */,
				4ACCCBD62805E7AE00FD184B /* ViewExtension.swift */,
			);
			path = Extensions;
			sourceTree = "<group>";
		};
		4A4C0B1B292EB187002653E1 /* TextField */ = {
			isa = PBXGroup;
			children = (
				4A4C0B1C292EB187002653E1 /* TextFieldModel.swift */,
			);
			path = TextField;
			sourceTree = "<group>";
		};
		4A67EDBA28F729BC0049555F /* Button */ = {
			isa = PBXGroup;
			children = (
				659BBA7A288BEA2B00574333 /* ButtonsView.swift */,
			);
			path = Button;
			sourceTree = "<group>";
		};
		4A67EDBB28F729DB0049555F /* Badge */ = {
			isa = PBXGroup;
			children = (
				4A67EDBC28F729F20049555F /* BadgesView.swift */,
			);
			path = Badge;
			sourceTree = "<group>";
		};
		4A67EDBE28F72AC80049555F /* Badge */ = {
			isa = PBXGroup;
			children = (
				4A67EDBF28F72AD30049555F /* BadgeModel.swift */,
			);
			path = Badge;
			sourceTree = "<group>";
		};
		4A8962EF276366EB00D9B8E9 /* Supporting Files */ = {
			isa = PBXGroup;
			children = (
				AAC5D44B2567FE720070667D /* LaunchScreen.storyboard */,
				AAC5D4492567FE720070667D /* Assets.xcassets */,
				AAC5D44E2567FE720070667D /* Info.plist */,
			);
			path = "Supporting Files";
			sourceTree = "<group>";
		};
		4A90D1502938EC7D00E15A44 /* Accessibility */ = {
			isa = PBXGroup;
			children = (
				4A90D1512938EC7D00E15A44 /* DynamicFrameModifier.swift */,
				4A90D1522938EC7D00E15A44 /* AdaptiveStack.swift */,
			);
			path = Accessibility;
			sourceTree = "<group>";
		};
		4A91BAAC2864CC5C0032B31E /* Icons */ = {
			isa = PBXGroup;
			children = (
				4A91BAAD2864CC5C0032B31E /* IconsModel.swift */,
				4A01623829BB8AD200FC964E /* IconsModel+Sections.swift */,
			);
			path = Icons;
			sourceTree = "<group>";
		};
		4A91BAAF2864CF5D0032B31E /* Assets */ = {
			isa = PBXGroup;
			children = (
				4A46438F2806C91700942AD7 /* AssetsModel.swift */,
			);
			path = Assets;
			sourceTree = "<group>";
		};
		4AAD2B5C2767714B00727D8E /* Application */ = {
			isa = PBXGroup;
			children = (
				AAC5D4402567FE710070667D /* AppDelegate.swift */,
				4A35E4782812E432001526D8 /* Core */,
				4AAD2B6C2767734700727D8E /* Main */,
				4A07433127D94A10005BD446 /* SwiftUI */,
				4A07433027D949F2005BD446 /* UIKit */,
			);
			path = Application;
			sourceTree = "<group>";
		};
		4AAD2B60276771DB00727D8E /* TextField */ = {
			isa = PBXGroup;
			children = (
				4AAD2B632767725200727D8E /* Cell */,
				65B52A222739553A008D9B5E /* TextFieldViewController.swift */,
			);
			path = TextField;
			sourceTree = "<group>";
		};
		4AAD2B612767723400727D8E /* Cell */ = {
			isa = PBXGroup;
			children = (
				AA68B4CA25681A5A00F1A4D7 /* ButtonTableViewCell.swift */,
				AA68B4CD25681A6700F1A4D7 /* ButtonTableViewCell.xib */,
			);
			path = Cell;
			sourceTree = "<group>";
		};
		4AAD2B632767725200727D8E /* Cell */ = {
			isa = PBXGroup;
			children = (
				651EF24C272BE8D500121F7A /* TextFieldTableViewCell.swift */,
				651EF251272C0AD500121F7A /* TextFieldTableViewCell.xib */,
			);
			path = Cell;
			sourceTree = "<group>";
		};
		4AAD2B642767725E00727D8E /* Cell */ = {
			isa = PBXGroup;
			children = (
				AAB029E825680D8D00F08C74 /* ColorTableViewCell.swift */,
				AAB029EC25680DEE00F08C74 /* ColorTableViewCell.xib */,
			);
			path = Cell;
			sourceTree = "<group>";
		};
		4AAD2B692767730300727D8E /* Components */ = {
			isa = PBXGroup;
			children = (
				6551745627EDBDFA0043700F /* Badge */,
				AA68B4C7256811FC00F1A4D7 /* Button */,
				6536D23D296F2C0500C14635 /* Chip */,
				65F1BC1927CE8836002D08D8 /* Progressbar */,
				657606FD295C4C1C00D2ECB1 /* Snackbar */,
				4AAD2B6D2767A99900727D8E /* Switch */,
				655A2C452991BAC90072AC6F /* SegmentedControl */,
				65C518C327D673FF00B87FF0 /* Tag */,
				4AAD2B60276771DB00727D8E /* TextField */,
			);
			path = Components;
			sourceTree = "<group>";
		};
		4AAD2B6A2767731A00727D8E /* Cell */ = {
			isa = PBXGroup;
			children = (
				65B52A1C27394136008D9B5E /* SwitchTableViewCell.swift */,
				65B52A1E273944DC008D9B5E /* SwitchTableViewCell.xib */,
			);
			path = Cell;
			sourceTree = "<group>";
		};
		4AAD2B6B2767733500727D8E /* Foundations */ = {
			isa = PBXGroup;
			children = (
				65F1BC0C27CE2101002D08D8 /* Assets */,
				AAB029E725680D7500F08C74 /* Colors */,
				65BD9F382768D06900EEDC0D /* Icons */,
				6531B77D27A9A23600808E1E /* Radiuses */,
				65D1B6642787422000C1560B /* Shadows */,
				AA68B4DB25683AF300F1A4D7 /* Typography */,
			);
			path = Foundations;
			sourceTree = "<group>";
		};
		4AAD2B6C2767734700727D8E /* Main */ = {
			isa = PBXGroup;
			children = (
				AAC5D4462567FE710070667D /* Main.storyboard */,
				4A07433A27D94C90005BD446 /* MainTabController.swift */,
				4A01623529BB8A1800FC964E /* Utils */,
			);
			path = Main;
			sourceTree = "<group>";
		};
		4AAD2B6D2767A99900727D8E /* Switch */ = {
			isa = PBXGroup;
			children = (
				4AAD2B6A2767731A00727D8E /* Cell */,
				65B52A1827392EDD008D9B5E /* SwitchViewController.swift */,
			);
			path = Switch;
			sourceTree = "<group>";
		};
		4ACCCBD02805E4A300FD184B /* Foundations */ = {
			isa = PBXGroup;
			children = (
				4ACCCBD12805E6D800FD184B /* Assets */,
				4A35E4732812B31D001526D8 /* Colors */,
				4A4643912806D5F100942AD7 /* Icons */,
				4A35E47F28130476001526D8 /* Radiuses */,
				4A35E4852816C1D2001526D8 /* Shadows */,
				4A35E48B2816D03E001526D8 /* Typography */,
			);
			path = Foundations;
			sourceTree = "<group>";
		};
		4ACCCBD12805E6D800FD184B /* Assets */ = {
			isa = PBXGroup;
			children = (
				4ACCCBD42805E71400FD184B /* AssetsView.swift */,
			);
			path = Assets;
			sourceTree = "<group>";
		};
		6500D77029999B5900A1F154 /* Sample */ = {
			isa = PBXGroup;
			children = (
				6500D77129999B9300A1F154 /* SampleLabelViewController.swift */,
			);
			path = Sample;
			sourceTree = "<group>";
		};
		6531B77D27A9A23600808E1E /* Radiuses */ = {
			isa = PBXGroup;
			children = (
				6531B77E27A9A23600808E1E /* Cell */,
				6531B78127A9A23600808E1E /* RadiusViewController.swift */,
			);
			path = Radiuses;
			sourceTree = "<group>";
		};
		6531B77E27A9A23600808E1E /* Cell */ = {
			isa = PBXGroup;
			children = (
				6531B77F27A9A23600808E1E /* RadiusTableViewCell.swift */,
				6531B78027A9A23600808E1E /* RadiusTableViewCell.xib */,
			);
			path = Cell;
			sourceTree = "<group>";
		};
		6536D23D296F2C0500C14635 /* Chip */ = {
			isa = PBXGroup;
			children = (
				6548C67629718EB4005FFDC4 /* Cell */,
				6536D23E296F2C0500C14635 /* ChipViewController.swift */,
			);
			path = Chip;
			sourceTree = "<group>";
		};
		654642B2276A513C00213415 /* Packages */ = {
			isa = PBXGroup;
			children = (
				654642B3276A513C00213415 /* vitamin-ios */,
				654642B4276A528C00213415 /* vitamin-ios */,
			);
			name = Packages;
			sourceTree = "<group>";
		};
		6548C67629718EB4005FFDC4 /* Cell */ = {
			isa = PBXGroup;
			children = (
				6548C67729718EB4005FFDC4 /* ChipTableViewCell.xib */,
				6548C67829718EB4005FFDC4 /* ChipTableVewCell.swift */,
			);
			path = Cell;
			sourceTree = "<group>";
		};
		6551745627EDBDFA0043700F /* Badge */ = {
			isa = PBXGroup;
			children = (
				6551745727EDBDFA0043700F /* Cell */,
				6536D23B295E480B00C14635 /* BadgesViewController.swift */,
			);
			path = Badge;
			sourceTree = "<group>";
		};
		6551745727EDBDFA0043700F /* Cell */ = {
			isa = PBXGroup;
			children = (
				6551745827EDBDFA0043700F /* BadgeCollectionViewCell.xib */,
				6551745927EDBDFA0043700F /* BadgeCollectionViewCell.swift */,
			);
			path = Cell;
			sourceTree = "<group>";
		};
		6551745E27EDBFAE0043700F /* Utils */ = {
			isa = PBXGroup;
			children = (
				6551745F27EDBFAE0043700F /* BaseHeaderedCollectionViewController.swift */,
				6551746027EDBFAE0043700F /* BaseImageCollectionViewController.swift */,
			);
			path = Utils;
			sourceTree = "<group>";
		};
		655A2C452991BAC90072AC6F /* SegmentedControl */ = {
			isa = PBXGroup;
			children = (
				6500D77029999B5900A1F154 /* Sample */,
				655A2C462991BAC90072AC6F /* SegmentedControlViewController.swift */,
			);
			path = SegmentedControl;
			sourceTree = "<group>";
		};
		657606FD295C4C1C00D2ECB1 /* Snackbar */ = {
			isa = PBXGroup;
			children = (
				657606FE295C4C1C00D2ECB1 /* SnackbarViewController.swift */,
			);
			path = Snackbar;
			sourceTree = "<group>";
		};
		659BBA79288BE9F700574333 /* Components */ = {
			isa = PBXGroup;
			children = (
				4A67EDBB28F729DB0049555F /* Badge */,
				4A67EDBA28F729BC0049555F /* Button */,
				4A038B402939F7D200ADFDE6 /* TextField */,
			);
			path = Components;
			sourceTree = "<group>";
		};
		659BBA7C288BFC5900574333 /* Components */ = {
			isa = PBXGroup;
			children = (
				4A67EDBE28F72AC80049555F /* Badge */,
				659BBA7D288BFC6100574333 /* Button */,
				4A4C0B1B292EB187002653E1 /* TextField */,
			);
			path = Components;
			sourceTree = "<group>";
		};
		659BBA7D288BFC6100574333 /* Button */ = {
			isa = PBXGroup;
			children = (
				659BBA7E288BFC7C00574333 /* ButtonModel.swift */,
			);
			path = Button;
			sourceTree = "<group>";
		};
		65BD9F382768D06900EEDC0D /* Icons */ = {
			isa = PBXGroup;
			children = (
				65BD9F392768D06900EEDC0D /* Cell */,
				65BD9F3C2768D06900EEDC0D /* IconsViewController.swift */,
			);
			path = Icons;
			sourceTree = "<group>";
		};
		65BD9F392768D06900EEDC0D /* Cell */ = {
			isa = PBXGroup;
			children = (
				65BD9F3A2768D06900EEDC0D /* IconCollectionViewCell.xib */,
				65BD9F3B2768D06900EEDC0D /* IconCollectionViewCell.swift */,
			);
			path = Cell;
			sourceTree = "<group>";
		};
		65C518C327D673FF00B87FF0 /* Tag */ = {
			isa = PBXGroup;
			children = (
				65C518C427D673FF00B87FF0 /* TagViewController.swift */,
				65C518C527D673FF00B87FF0 /* Cell */,
			);
			path = Tag;
			sourceTree = "<group>";
		};
		65C518C527D673FF00B87FF0 /* Cell */ = {
			isa = PBXGroup;
			children = (
				6521D86027DA4B3400A15A06 /* TagCollectionViewCell.swift */,
				6521D85E27DA100A00A15A06 /* TagCollectionViewCell.xib */,
				65C518CB27D6B64800B87FF0 /* MultipleTagTableViewCell.xib */,
				65C518C627D673FF00B87FF0 /* MonoTagTableViewCell.xib */,
				65C518C727D673FF00B87FF0 /* TagTableViewCell.swift */,
			);
			path = Cell;
			sourceTree = "<group>";
		};
		65D1B6642787422000C1560B /* Shadows */ = {
			isa = PBXGroup;
			children = (
				65D1B6652787422100C1560B /* ShadowsViewController.swift */,
				65D1B6662787422100C1560B /* Cell */,
			);
			path = Shadows;
			sourceTree = "<group>";
		};
		65D1B6662787422100C1560B /* Cell */ = {
			isa = PBXGroup;
			children = (
				65D1B6672787422100C1560B /* ShadowTableViewCell.swift */,
				65D1B6682787422100C1560B /* ShadowTableViewCell.xib */,
			);
			path = Cell;
			sourceTree = "<group>";
		};
		65F1BC0C27CE2101002D08D8 /* Assets */ = {
			isa = PBXGroup;
			children = (
				65F1BC0D27CE2101002D08D8 /* Cell */,
				65F1BC1127CE2101002D08D8 /* AssetsViewController.swift */,
			);
			path = Assets;
			sourceTree = "<group>";
		};
		65F1BC0D27CE2101002D08D8 /* Cell */ = {
			isa = PBXGroup;
			children = (
				65F1BC0E27CE2101002D08D8 /* LargeAssetCollectionViewCell.xib */,
				65F1BC0F27CE2101002D08D8 /* AssetCollectionViewCell.xib */,
				65F1BC1027CE2101002D08D8 /* AssetCollectionViewCell.swift */,
			);
			path = Cell;
			sourceTree = "<group>";
		};
		65F1BC1927CE8836002D08D8 /* Progressbar */ = {
			isa = PBXGroup;
			children = (
				65F1BC1A27CE8836002D08D8 /* ProgressbarViewController.swift */,
				65F1BC1B27CE8836002D08D8 /* Cell */,
			);
			path = Progressbar;
			sourceTree = "<group>";
		};
		65F1BC1B27CE8836002D08D8 /* Cell */ = {
			isa = PBXGroup;
			children = (
				65F1BC1C27CE8836002D08D8 /* LinearProgressbarTableViewCell.xib */,
				65F1BC1D27CE8836002D08D8 /* CircularProgressbarTableViewCell.xib */,
				65F1BC1E27CE8836002D08D8 /* ProgressbarTableViewCells.swift */,
			);
			path = Cell;
			sourceTree = "<group>";
		};
		AA68B4C7256811FC00F1A4D7 /* Button */ = {
			isa = PBXGroup;
			children = (
				4AAD2B612767723400727D8E /* Cell */,
				AAB029D3256805E200F08C74 /* ButtonsViewController.swift */,
			);
			path = Button;
			sourceTree = "<group>";
		};
		AA68B4DB25683AF300F1A4D7 /* Typography */ = {
			isa = PBXGroup;
			children = (
				AAB029D0256805CC00F08C74 /* TypographyViewController.swift */,
			);
			path = Typography;
			sourceTree = "<group>";
		};
		AA8CB0F52568752900C35F74 /* Frameworks */ = {
			isa = PBXGroup;
			children = (
			);
			name = Frameworks;
			sourceTree = "<group>";
		};
		AAB029E725680D7500F08C74 /* Colors */ = {
			isa = PBXGroup;
			children = (
				4AAD2B642767725E00727D8E /* Cell */,
				AAB029CD256805A900F08C74 /* ColorsViewController.swift */,
			);
			path = Colors;
			sourceTree = "<group>";
		};
		AAC5D4342567FE710070667D = {
			isa = PBXGroup;
			children = (
				654642B2276A513C00213415 /* Packages */,
				4AAD2B5C2767714B00727D8E /* Application */,
				4A8962EF276366EB00D9B8E9 /* Supporting Files */,
				3D98630F2A01687E0071CC8C /* ShowcaseSnapshotTests */,
				AA8CB0F52568752900C35F74 /* Frameworks */,
				AAC5D43E2567FE710070667D /* Products */,
			);
			sourceTree = "<group>";
		};
		AAC5D43E2567FE710070667D /* Products */ = {
			isa = PBXGroup;
			children = (
				AAC5D43D2567FE710070667D /* Showcase.app */,
				3D98630E2A01687E0071CC8C /* ShowcaseSnapshotTests.xctest */,
			);
			name = Products;
			sourceTree = "<group>";
		};
/* End PBXGroup section */

/* Begin PBXNativeTarget section */
		3D98630D2A01687E0071CC8C /* ShowcaseSnapshotTests */ = {
			isa = PBXNativeTarget;
			buildConfigurationList = 3D9863162A01687E0071CC8C /* Build configuration list for PBXNativeTarget "ShowcaseSnapshotTests" */;
			buildPhases = (
				3D98630A2A01687E0071CC8C /* Sources */,
				3D98630B2A01687E0071CC8C /* Frameworks */,
				3D98630C2A01687E0071CC8C /* Resources */,
			);
			buildRules = (
			);
			dependencies = (
				3D9863132A01687E0071CC8C /* PBXTargetDependency */,
			);
			name = ShowcaseSnapshotTests;
			packageProductDependencies = (
				3D98631A2A01689A0071CC8C /* PreviewSnapshotsTesting */,
			);
			productName = ShowcaseSnapshotTests;
			productReference = 3D98630E2A01687E0071CC8C /* ShowcaseSnapshotTests.xctest */;
			productType = "com.apple.product-type.bundle.unit-test";
		};
		AAC5D43C2567FE710070667D /* Showcase */ = {
			isa = PBXNativeTarget;
			buildConfigurationList = AAC5D4512567FE720070667D /* Build configuration list for PBXNativeTarget "Showcase" */;
			buildPhases = (
				AAC5D4392567FE710070667D /* Sources */,
				F43B815E274D90AD00323A27 /* ⚠️ SwiftLint */,
				AAC5D43A2567FE710070667D /* Frameworks */,
				AAC5D43B2567FE710070667D /* Resources */,
			);
			buildRules = (
			);
			dependencies = (
			);
			name = Showcase;
			packageProductDependencies = (
				4A35E45F2811EE2E001526D8 /* Vitamin */,
				4A35E4632811EE2E001526D8 /* VitaminSwiftUI */,
				4AB763AD2825725300092033 /* VitaminCore */,
				3D9863182A01689A0071CC8C /* PreviewSnapshots */,
			);
			productName = VitaminDemo;
			productReference = AAC5D43D2567FE710070667D /* Showcase.app */;
			productType = "com.apple.product-type.application";
		};
/* End PBXNativeTarget section */

/* Begin PBXProject section */
		AAC5D4352567FE710070667D /* Project object */ = {
			isa = PBXProject;
			attributes = {
				LastSwiftUpdateCheck = 1430;
				LastUpgradeCheck = 1400;
				TargetAttributes = {
					3D98630D2A01687E0071CC8C = {
						CreatedOnToolsVersion = 14.3;
						LastSwiftMigration = 1430;
						TestTargetID = AAC5D43C2567FE710070667D;
					};
					AAC5D43C2567FE710070667D = {
						CreatedOnToolsVersion = 12.2;
					};
				};
			};
			buildConfigurationList = AAC5D4382567FE710070667D /* Build configuration list for PBXProject "Vitamin Showcase" */;
			compatibilityVersion = "Xcode 9.3";
			developmentRegion = en;
			hasScannedForEncodings = 0;
			knownRegions = (
				en,
				Base,
			);
			mainGroup = AAC5D4342567FE710070667D;
			packageReferences = (
				3D9863172A01689A0071CC8C /* XCRemoteSwiftPackageReference "swiftui-preview-snapshots" */,
			);
			productRefGroup = AAC5D43E2567FE710070667D /* Products */;
			projectDirPath = "";
			projectRoot = "";
			targets = (
				AAC5D43C2567FE710070667D /* Showcase */,
				3D98630D2A01687E0071CC8C /* ShowcaseSnapshotTests */,
			);
		};
/* End PBXProject section */

/* Begin PBXResourcesBuildPhase section */
		3D98630C2A01687E0071CC8C /* Resources */ = {
			isa = PBXResourcesBuildPhase;
			buildActionMask = 2147483647;
			files = (
			);
			runOnlyForDeploymentPostprocessing = 0;
		};
		AAC5D43B2567FE710070667D /* Resources */ = {
			isa = PBXResourcesBuildPhase;
			buildActionMask = 2147483647;
			files = (
				6551745B27EDBDFA0043700F /* BadgeCollectionViewCell.xib in Resources */,
				AA68B4CE25681A6700F1A4D7 /* ButtonTableViewCell.xib in Resources */,
				65F1BC2027CE8836002D08D8 /* LinearProgressbarTableViewCell.xib in Resources */,
				6548C67929718EB4005FFDC4 /* ChipTableViewCell.xib in Resources */,
				65F1BC2127CE8836002D08D8 /* CircularProgressbarTableViewCell.xib in Resources */,
				65B52A1F273944DC008D9B5E /* SwitchTableViewCell.xib in Resources */,
				6521D85F27DA100A00A15A06 /* TagCollectionViewCell.xib in Resources */,
				65C518CC27D6B64800B87FF0 /* MultipleTagTableViewCell.xib in Resources */,
				65C518C927D673FF00B87FF0 /* MonoTagTableViewCell.xib in Resources */,
				651EF252272C0AD500121F7A /* TextFieldTableViewCell.xib in Resources */,
				65F1BC1227CE2101002D08D8 /* LargeAssetCollectionViewCell.xib in Resources */,
				65F1BC1327CE2101002D08D8 /* AssetCollectionViewCell.xib in Resources */,
				6531B78327A9A23600808E1E /* RadiusTableViewCell.xib in Resources */,
				65D1B66B2787422100C1560B /* ShadowTableViewCell.xib in Resources */,
				65BD9F3D2768D06900EEDC0D /* IconCollectionViewCell.xib in Resources */,
				AAB029ED25680DEE00F08C74 /* ColorTableViewCell.xib in Resources */,
				AAC5D4482567FE710070667D /* Main.storyboard in Resources */,
				AAC5D44D2567FE720070667D /* LaunchScreen.storyboard in Resources */,
				AAC5D44A2567FE720070667D /* Assets.xcassets in Resources */,
			);
			runOnlyForDeploymentPostprocessing = 0;
		};
/* End PBXResourcesBuildPhase section */

/* Begin PBXShellScriptBuildPhase section */
		F43B815E274D90AD00323A27 /* ⚠️ SwiftLint */ = {
			isa = PBXShellScriptBuildPhase;
			buildActionMask = 2147483647;
			files = (
			);
			inputFileListPaths = (
			);
			inputPaths = (
			);
			name = "⚠️ SwiftLint";
			outputFileListPaths = (
			);
			outputPaths = (
			);
			runOnlyForDeploymentPostprocessing = 0;
			shellPath = /bin/sh;
			shellScript = "# Adds support for Apple Silicon brew directory\nexport PATH=\"$PATH:/opt/homebrew/bin\"\n\nif which swiftlint >/dev/null; then\n    swiftlint --config ../.swiftlint.yml lint ..\nelse\n  echo \"warning: SwiftLint not installed, download from https://github.com/realm/SwiftLint\"\nfi\n";
		};
/* End PBXShellScriptBuildPhase section */

/* Begin PBXSourcesBuildPhase section */
		3D98630A2A01687E0071CC8C /* Sources */ = {
			isa = PBXSourcesBuildPhase;
			buildActionMask = 2147483647;
			files = (
				3D5771182A4B2AF2006F0689 /* ReadSize.swift in Sources */,
				3D54BF912A44392900D77578 /* NonRegressionTests.swift in Sources */,
				3D98631F2A0168FA0071CC8C /* ShowcaseSnapshotSwiftUITests.swift in Sources */,
				3D98631D2A0168DE0071CC8C /* ShowcaseSnapshotUIKitTests.swift in Sources */,
			);
			runOnlyForDeploymentPostprocessing = 0;
		};
		AAC5D4392567FE710070667D /* Sources */ = {
			isa = PBXSourcesBuildPhase;
			buildActionMask = 2147483647;
			files = (
				659BBA7F288BFC7C00574333 /* ButtonModel.swift in Sources */,
				4A35E4892816C20A001526D8 /* ShadowsModel.swift in Sources */,
				6531B78427A9A23600808E1E /* RadiusViewController.swift in Sources */,
				4ACCCBD72805E7AE00FD184B /* ViewExtension.swift in Sources */,
				65BD9F3F2768D06900EEDC0D /* IconsViewController.swift in Sources */,
				4A35E4902816D1B5001526D8 /* TypographyView.swift in Sources */,
				659BBA7B288BEA2B00574333 /* ButtonsView.swift in Sources */,
				AAB029D1256805CC00F08C74 /* TypographyViewController.swift in Sources */,
				4A35E48E2816D124001526D8 /* TypographyModel.swift in Sources */,
				65F1BC1427CE2101002D08D8 /* AssetCollectionViewCell.swift in Sources */,
				655A2C472991BAC90072AC6F /* SegmentedControlViewController.swift in Sources */,
				4A9BE58C29352B5600445337 /* OnChangeModifier.swift in Sources */,
				30F95E44292FBA0500D6CEB7 /* TextFieldsView.swift in Sources */,
				4A01623729BB8A1800FC964E /* UIImage+Resize.swift in Sources */,
				4A35E47E2812FEDE001526D8 /* ColorsModel+Base.swift in Sources */,
				65F1BC1527CE2101002D08D8 /* AssetsViewController.swift in Sources */,
				6500D77229999B9300A1F154 /* SampleLabelViewController.swift in Sources */,
				65D1B6692787422100C1560B /* ShadowsViewController.swift in Sources */,
				6521D86127DA4B3400A15A06 /* TagCollectionViewCell.swift in Sources */,
				6536D23C295E480B00C14635 /* BadgesViewController.swift in Sources */,
				4A4643932806D60B00942AD7 /* IconsView.swift in Sources */,
				4A35E48128130495001526D8 /* RadiusesModel.swift in Sources */,
				4A90D1542938EC7D00E15A44 /* AdaptiveStack.swift in Sources */,
				4A038B54293A7CCD00ADFDE6 /* VitaminTextFieldView.swift in Sources */,
				4A35E4872816C1F4001526D8 /* ShadowsView.swift in Sources */,
				65C518CA27D673FF00B87FF0 /* TagTableViewCell.swift in Sources */,
				65C518C827D673FF00B87FF0 /* TagViewController.swift in Sources */,
				6536D23F296F2C0500C14635 /* ChipViewController.swift in Sources */,
				65F1BC2227CE8836002D08D8 /* ProgressbarTableViewCells.swift in Sources */,
				4A35E483281304A1001526D8 /* RadiusesView.swift in Sources */,
				AAC5D4412567FE710070667D /* AppDelegate.swift in Sources */,
				65B52A1D27394136008D9B5E /* SwitchTableViewCell.swift in Sources */,
				4A01623929BB8AD200FC964E /* IconsModel+Sections.swift in Sources */,
				4AAD2B67276772D200727D8E /* MainTableViewController.swift in Sources */,
				4A35E4752812B34E001526D8 /* ColorsModel.swift in Sources */,
				65D1B66A2787422100C1560B /* ShadowTableViewCell.swift in Sources */,
				6551746227EDBFAE0043700F /* BaseImageCollectionViewController.swift in Sources */,
				4A90D1532938EC7D00E15A44 /* DynamicFrameModifier.swift in Sources */,
				4A67EDBD28F729F20049555F /* BadgesView.swift in Sources */,
				6551745C27EDBDFA0043700F /* BadgeCollectionViewCell.swift in Sources */,
				AAB029CE256805A900F08C74 /* ColorsViewController.swift in Sources */,
				AAB029D4256805E200F08C74 /* ButtonsViewController.swift in Sources */,
				4A35E47C2812FE77001526D8 /* ColorsModel+Semantic.swift in Sources */,
				657606FF295C4C1C00D2ECB1 /* SnackbarViewController.swift in Sources */,
				4A4643902806C91700942AD7 /* AssetsModel.swift in Sources */,
				4A35E4772812B357001526D8 /* ColorsView.swift in Sources */,
				65B52A1927392EDD008D9B5E /* SwitchViewController.swift in Sources */,
				4ACCCBCE2805E28600FD184B /* MainTabController.swift in Sources */,
				65F1BC1F27CE8836002D08D8 /* ProgressbarViewController.swift in Sources */,
				4A07433927D94BB0005BD446 /* MainView.swift in Sources */,
				4A07433E27D9541F005BD446 /* NavigationTitleModifier.swift in Sources */,
				65B52A232739553A008D9B5E /* TextFieldViewController.swift in Sources */,
				4ACCCBD52805E71400FD184B /* AssetsView.swift in Sources */,
				4A67EDC028F72AD30049555F /* BadgeModel.swift in Sources */,
				4A91BAAE2864CC5C0032B31E /* IconsModel.swift in Sources */,
				AA68B4CB25681A5A00F1A4D7 /* ButtonTableViewCell.swift in Sources */,
				4A4C0B1D292EB187002653E1 /* TextFieldModel.swift in Sources */,
				651EF24D272BE8D500121F7A /* TextFieldTableViewCell.swift in Sources */,
				AAB029E925680D8D00F08C74 /* ColorTableViewCell.swift in Sources */,
				6548C67A29718EB4005FFDC4 /* ChipTableVewCell.swift in Sources */,
				65BD9F3E2768D06900EEDC0D /* IconCollectionViewCell.swift in Sources */,
				6531B78227A9A23600808E1E /* RadiusTableViewCell.swift in Sources */,
				6551746127EDBFAE0043700F /* BaseHeaderedCollectionViewController.swift in Sources */,
				4ACCCBD92805FF7100FD184B /* ArrayExtension.swift in Sources */,
			);
			runOnlyForDeploymentPostprocessing = 0;
		};
/* End PBXSourcesBuildPhase section */

/* Begin PBXTargetDependency section */
		3D9863132A01687E0071CC8C /* PBXTargetDependency */ = {
			isa = PBXTargetDependency;
			target = AAC5D43C2567FE710070667D /* Showcase */;
			targetProxy = 3D9863122A01687E0071CC8C /* PBXContainerItemProxy */;
		};
/* End PBXTargetDependency section */

/* Begin PBXVariantGroup section */
		AAC5D4462567FE710070667D /* Main.storyboard */ = {
			isa = PBXVariantGroup;
			children = (
				AAC5D4472567FE710070667D /* Base */,
			);
			name = Main.storyboard;
			sourceTree = "<group>";
		};
		AAC5D44B2567FE720070667D /* LaunchScreen.storyboard */ = {
			isa = PBXVariantGroup;
			children = (
				AAC5D44C2567FE720070667D /* Base */,
			);
			name = LaunchScreen.storyboard;
			sourceTree = "<group>";
		};
/* End PBXVariantGroup section */

/* Begin XCBuildConfiguration section */
		3D9863142A01687E0071CC8C /* Debug */ = {
			isa = XCBuildConfiguration;
			buildSettings = {
				BUNDLE_LOADER = "$(TEST_HOST)";
				CLANG_CXX_LANGUAGE_STANDARD = "gnu++20";
				CLANG_ENABLE_MODULES = YES;
				CODE_SIGN_STYLE = Automatic;
				CURRENT_PROJECT_VERSION = 1;
				GENERATE_INFOPLIST_FILE = YES;
				IPHONEOS_DEPLOYMENT_TARGET = 16.4;
				MARKETING_VERSION = 1.0;
				PRODUCT_BUNDLE_IDENTIFIER = com.decathlon.ShowcaseSnapshotTests;
				PRODUCT_NAME = "$(TARGET_NAME)";
				SWIFT_EMIT_LOC_STRINGS = NO;
				SWIFT_OPTIMIZATION_LEVEL = "-Onone";
				SWIFT_VERSION = 5.0;
				TARGETED_DEVICE_FAMILY = "1,2";
				TEST_HOST = "$(BUILT_PRODUCTS_DIR)/Showcase.app/$(BUNDLE_EXECUTABLE_FOLDER_PATH)/Showcase";
			};
			name = Debug;
		};
		3D9863152A01687E0071CC8C /* Release */ = {
			isa = XCBuildConfiguration;
			buildSettings = {
				BUNDLE_LOADER = "$(TEST_HOST)";
				CLANG_CXX_LANGUAGE_STANDARD = "gnu++20";
				CLANG_ENABLE_MODULES = YES;
				CODE_SIGN_STYLE = Automatic;
				CURRENT_PROJECT_VERSION = 1;
				GENERATE_INFOPLIST_FILE = YES;
				IPHONEOS_DEPLOYMENT_TARGET = 16.4;
				MARKETING_VERSION = 1.0;
				PRODUCT_BUNDLE_IDENTIFIER = com.decathlon.ShowcaseSnapshotTests;
				PRODUCT_NAME = "$(TARGET_NAME)";
				SWIFT_EMIT_LOC_STRINGS = NO;
				SWIFT_VERSION = 5.0;
				TARGETED_DEVICE_FAMILY = "1,2";
				TEST_HOST = "$(BUILT_PRODUCTS_DIR)/Showcase.app/$(BUNDLE_EXECUTABLE_FOLDER_PATH)/Showcase";
			};
			name = Release;
		};
		AAC5D44F2567FE720070667D /* Debug */ = {
			isa = XCBuildConfiguration;
			buildSettings = {
				ALWAYS_SEARCH_USER_PATHS = NO;
				CLANG_ANALYZER_NONNULL = YES;
				CLANG_ANALYZER_NUMBER_OBJECT_CONVERSION = YES_AGGRESSIVE;
				CLANG_CXX_LANGUAGE_STANDARD = "gnu++14";
				CLANG_CXX_LIBRARY = "libc++";
				CLANG_ENABLE_MODULES = YES;
				CLANG_ENABLE_OBJC_ARC = YES;
				CLANG_ENABLE_OBJC_WEAK = YES;
				CLANG_WARN_BLOCK_CAPTURE_AUTORELEASING = YES;
				CLANG_WARN_BOOL_CONVERSION = YES;
				CLANG_WARN_COMMA = YES;
				CLANG_WARN_CONSTANT_CONVERSION = YES;
				CLANG_WARN_DEPRECATED_OBJC_IMPLEMENTATIONS = YES;
				CLANG_WARN_DIRECT_OBJC_ISA_USAGE = YES_ERROR;
				CLANG_WARN_DOCUMENTATION_COMMENTS = YES;
				CLANG_WARN_EMPTY_BODY = YES;
				CLANG_WARN_ENUM_CONVERSION = YES;
				CLANG_WARN_INFINITE_RECURSION = YES;
				CLANG_WARN_INT_CONVERSION = YES;
				CLANG_WARN_NON_LITERAL_NULL_CONVERSION = YES;
				CLANG_WARN_OBJC_IMPLICIT_RETAIN_SELF = YES;
				CLANG_WARN_OBJC_LITERAL_CONVERSION = YES;
				CLANG_WARN_OBJC_ROOT_CLASS = YES_ERROR;
				CLANG_WARN_QUOTED_INCLUDE_IN_FRAMEWORK_HEADER = YES;
				CLANG_WARN_RANGE_LOOP_ANALYSIS = YES;
				CLANG_WARN_STRICT_PROTOTYPES = YES;
				CLANG_WARN_SUSPICIOUS_MOVE = YES;
				CLANG_WARN_UNGUARDED_AVAILABILITY = YES_AGGRESSIVE;
				CLANG_WARN_UNREACHABLE_CODE = YES;
				CLANG_WARN__DUPLICATE_METHOD_MATCH = YES;
				COPY_PHASE_STRIP = NO;
				DEBUG_INFORMATION_FORMAT = dwarf;
				ENABLE_STRICT_OBJC_MSGSEND = YES;
				ENABLE_TESTABILITY = YES;
				GCC_C_LANGUAGE_STANDARD = gnu11;
				GCC_DYNAMIC_NO_PIC = NO;
				GCC_NO_COMMON_BLOCKS = YES;
				GCC_OPTIMIZATION_LEVEL = 0;
				GCC_PREPROCESSOR_DEFINITIONS = (
					"DEBUG=1",
					"$(inherited)",
				);
				GCC_WARN_64_TO_32_BIT_CONVERSION = YES;
				GCC_WARN_ABOUT_RETURN_TYPE = YES_ERROR;
				GCC_WARN_UNDECLARED_SELECTOR = YES;
				GCC_WARN_UNINITIALIZED_AUTOS = YES_AGGRESSIVE;
				GCC_WARN_UNUSED_FUNCTION = YES;
				GCC_WARN_UNUSED_VARIABLE = YES;
				IPHONEOS_DEPLOYMENT_TARGET = 12.0;
				MTL_ENABLE_DEBUG_INFO = INCLUDE_SOURCE;
				MTL_FAST_MATH = YES;
				ONLY_ACTIVE_ARCH = YES;
				SDKROOT = iphoneos;
				SWIFT_ACTIVE_COMPILATION_CONDITIONS = DEBUG;
				SWIFT_OPTIMIZATION_LEVEL = "-Onone";
			};
			name = Debug;
		};
		AAC5D4502567FE720070667D /* Release */ = {
			isa = XCBuildConfiguration;
			buildSettings = {
				ALWAYS_SEARCH_USER_PATHS = NO;
				CLANG_ANALYZER_NONNULL = YES;
				CLANG_ANALYZER_NUMBER_OBJECT_CONVERSION = YES_AGGRESSIVE;
				CLANG_CXX_LANGUAGE_STANDARD = "gnu++14";
				CLANG_CXX_LIBRARY = "libc++";
				CLANG_ENABLE_MODULES = YES;
				CLANG_ENABLE_OBJC_ARC = YES;
				CLANG_ENABLE_OBJC_WEAK = YES;
				CLANG_WARN_BLOCK_CAPTURE_AUTORELEASING = YES;
				CLANG_WARN_BOOL_CONVERSION = YES;
				CLANG_WARN_COMMA = YES;
				CLANG_WARN_CONSTANT_CONVERSION = YES;
				CLANG_WARN_DEPRECATED_OBJC_IMPLEMENTATIONS = YES;
				CLANG_WARN_DIRECT_OBJC_ISA_USAGE = YES_ERROR;
				CLANG_WARN_DOCUMENTATION_COMMENTS = YES;
				CLANG_WARN_EMPTY_BODY = YES;
				CLANG_WARN_ENUM_CONVERSION = YES;
				CLANG_WARN_INFINITE_RECURSION = YES;
				CLANG_WARN_INT_CONVERSION = YES;
				CLANG_WARN_NON_LITERAL_NULL_CONVERSION = YES;
				CLANG_WARN_OBJC_IMPLICIT_RETAIN_SELF = YES;
				CLANG_WARN_OBJC_LITERAL_CONVERSION = YES;
				CLANG_WARN_OBJC_ROOT_CLASS = YES_ERROR;
				CLANG_WARN_QUOTED_INCLUDE_IN_FRAMEWORK_HEADER = YES;
				CLANG_WARN_RANGE_LOOP_ANALYSIS = YES;
				CLANG_WARN_STRICT_PROTOTYPES = YES;
				CLANG_WARN_SUSPICIOUS_MOVE = YES;
				CLANG_WARN_UNGUARDED_AVAILABILITY = YES_AGGRESSIVE;
				CLANG_WARN_UNREACHABLE_CODE = YES;
				CLANG_WARN__DUPLICATE_METHOD_MATCH = YES;
				COPY_PHASE_STRIP = NO;
				DEBUG_INFORMATION_FORMAT = "dwarf-with-dsym";
				ENABLE_NS_ASSERTIONS = NO;
				ENABLE_STRICT_OBJC_MSGSEND = YES;
				GCC_C_LANGUAGE_STANDARD = gnu11;
				GCC_NO_COMMON_BLOCKS = YES;
				GCC_WARN_64_TO_32_BIT_CONVERSION = YES;
				GCC_WARN_ABOUT_RETURN_TYPE = YES_ERROR;
				GCC_WARN_UNDECLARED_SELECTOR = YES;
				GCC_WARN_UNINITIALIZED_AUTOS = YES_AGGRESSIVE;
				GCC_WARN_UNUSED_FUNCTION = YES;
				GCC_WARN_UNUSED_VARIABLE = YES;
				IPHONEOS_DEPLOYMENT_TARGET = 12.0;
				MTL_ENABLE_DEBUG_INFO = NO;
				MTL_FAST_MATH = YES;
				SDKROOT = iphoneos;
				SWIFT_COMPILATION_MODE = wholemodule;
				SWIFT_OPTIMIZATION_LEVEL = "-O";
				VALIDATE_PRODUCT = YES;
			};
			name = Release;
		};
		AAC5D4522567FE720070667D /* Debug */ = {
			isa = XCBuildConfiguration;
			buildSettings = {
				ASSETCATALOG_COMPILER_APPICON_NAME = AppIcon;
				ASSETCATALOG_COMPILER_GLOBAL_ACCENT_COLOR_NAME = AccentColor;
				CODE_SIGN_STYLE = Automatic;
				DEVELOPMENT_TEAM = 6F8Y5QNU44;
				INFOPLIST_FILE = "Supporting Files/Info.plist";
				IPHONEOS_DEPLOYMENT_TARGET = 13.0;
				LD_RUNPATH_SEARCH_PATHS = (
					"$(inherited)",
					"@executable_path/Frameworks",
				);
				PRODUCT_BUNDLE_IDENTIFIER = com.decathlon.vitamin.showcase;
				PRODUCT_NAME = Showcase;
				SWIFT_VERSION = 5.0;
				TARGETED_DEVICE_FAMILY = "1,2";
			};
			name = Debug;
		};
		AAC5D4532567FE720070667D /* Release */ = {
			isa = XCBuildConfiguration;
			buildSettings = {
				ASSETCATALOG_COMPILER_APPICON_NAME = AppIcon;
				ASSETCATALOG_COMPILER_GLOBAL_ACCENT_COLOR_NAME = AccentColor;
				CODE_SIGN_IDENTITY = "iPhone Distribution: FONDATION D'ENTREPRISE OXYLANE ART";
				CODE_SIGN_STYLE = Manual;
				DEVELOPMENT_TEAM = EZELTPWNWS;
				INFOPLIST_FILE = "Supporting Files/Info.plist";
				IPHONEOS_DEPLOYMENT_TARGET = 13.0;
				LD_RUNPATH_SEARCH_PATHS = (
					"$(inherited)",
					"@executable_path/Frameworks",
				);
				PRODUCT_BUNDLE_IDENTIFIER = com.decathlon.vitamin.showcase;
				PRODUCT_NAME = Showcase;
				PROVISIONING_PROFILE_SPECIFIER = "Vitamin Showcase - Bitrise - inHouse";
				SWIFT_VERSION = 5.0;
				TARGETED_DEVICE_FAMILY = "1,2";
			};
			name = Release;
		};
/* End XCBuildConfiguration section */

/* Begin XCConfigurationList section */
		3D9863162A01687E0071CC8C /* Build configuration list for PBXNativeTarget "ShowcaseSnapshotTests" */ = {
			isa = XCConfigurationList;
			buildConfigurations = (
				3D9863142A01687E0071CC8C /* Debug */,
				3D9863152A01687E0071CC8C /* Release */,
			);
			defaultConfigurationIsVisible = 0;
			defaultConfigurationName = Release;
		};
		AAC5D4382567FE710070667D /* Build configuration list for PBXProject "Vitamin Showcase" */ = {
			isa = XCConfigurationList;
			buildConfigurations = (
				AAC5D44F2567FE720070667D /* Debug */,
				AAC5D4502567FE720070667D /* Release */,
			);
			defaultConfigurationIsVisible = 0;
			defaultConfigurationName = Release;
		};
		AAC5D4512567FE720070667D /* Build configuration list for PBXNativeTarget "Showcase" */ = {
			isa = XCConfigurationList;
			buildConfigurations = (
				AAC5D4522567FE720070667D /* Debug */,
				AAC5D4532567FE720070667D /* Release */,
			);
			defaultConfigurationIsVisible = 0;
			defaultConfigurationName = Release;
		};
/* End XCConfigurationList section */

/* Begin XCRemoteSwiftPackageReference section */
		3D9863172A01689A0071CC8C /* XCRemoteSwiftPackageReference "swiftui-preview-snapshots" */ = {
			isa = XCRemoteSwiftPackageReference;
			repositoryURL = "https://github.com/doordash-oss/swiftui-preview-snapshots.git";
			requirement = {
				branch = main;
				kind = branch;
			};
		};
/* End XCRemoteSwiftPackageReference section */

/* Begin XCSwiftPackageProductDependency section */
		3D9863182A01689A0071CC8C /* PreviewSnapshots */ = {
			isa = XCSwiftPackageProductDependency;
			package = 3D9863172A01689A0071CC8C /* XCRemoteSwiftPackageReference "swiftui-preview-snapshots" */;
			productName = PreviewSnapshots;
		};
		3D98631A2A01689A0071CC8C /* PreviewSnapshotsTesting */ = {
			isa = XCSwiftPackageProductDependency;
			package = 3D9863172A01689A0071CC8C /* XCRemoteSwiftPackageReference "swiftui-preview-snapshots" */;
			productName = PreviewSnapshotsTesting;
		};
		4A35E45F2811EE2E001526D8 /* Vitamin */ = {
			isa = XCSwiftPackageProductDependency;
			productName = Vitamin;
		};
		4A35E4632811EE2E001526D8 /* VitaminSwiftUI */ = {
			isa = XCSwiftPackageProductDependency;
			productName = VitaminSwiftUI;
		};
		4AB763AD2825725300092033 /* VitaminCore */ = {
			isa = XCSwiftPackageProductDependency;
			productName = VitaminCore;
		};
/* End XCSwiftPackageProductDependency section */
	};
	rootObject = AAC5D4352567FE710070667D /* Project object */;
}
