{
  "object": {
    "pins": [
      {
        "package": "swift-snapshot-testing",
        "repositoryURL": "https://github.com/pointfreeco/swift-snapshot-testing",
        "state": {
          "branch": null,
          "revision": "dc46eeb3928a75390651fac6c1ef7f93ad59a73b",
          "version": "1.11.1"
        }
      },
      {
        "package": "swiftui-preview-snapshots",
        "repositoryURL": "https://github.com/doordash-oss/swiftui-preview-snapshots.git",
        "state": {
          "branch": "main",
          "revision": "0f59f24b7adab01b5c4271d42790032506868892",
          "version": null
        }
      }
    ]
  },
  "version": 1
}
